
Microsoft Visual Studio Solution File, Format Version 12.00
# Visual Studio 2013
VisualStudioVersion = 12.0.40629.0
MinimumVisualStudioVersion = 10.0.40219.1
Project("{FAE04EC0-301F-11D3-BF4B-00C04F79EFBC}") = "GenericParser", "GenericParser\GenericParser.csproj", "{940985FA-2D52-4626-887D-5819F207B0A7}"
EndProject
Project("{FAE04EC0-301F-11D3-BF4B-00C04F79EFBC}") = "Tester", "Tester\Tester.csproj", "{BF96289B-9666-47A5-84BC-DD918F12A03A}"
EndProject
Global
	GlobalSection(TeamFoundationVersionControl) = preSolution
		SccNumberOfProjects = 3
		SccEnterpriseProvider = {4CA58AB2-18FA-4F8D-95D4-32DDF27D184C}
		SccTeamFoundationServer = http://tfssrv1:8080/tfs/defaultcollection
		SccLocalPath0 = .
		SccProjectUniqueName1 = GenericParser\\GenericParser.csproj
		SccProjectName1 = GenericParser
		SccLocalPath1 = GenericParser
		SccProjectUniqueName2 = Tester\\Tester.csproj
		SccProjectName2 = Tester
		SccLocalPath2 = Tester
	EndGlobalSection
	GlobalSection(SolutionConfigurationPlatforms) = preSolution
		Debug|Any CPU = Debug|Any CPU
		Release|Any CPU = Release|Any CPU
	EndGlobalSection
	GlobalSection(ProjectConfigurationPlatforms) = postSolution
		{940985FA-2D52-4626-887D-5819F207B0A7}.Debug|Any CPU.ActiveCfg = Debug|Any CPU
		{940985FA-2D52-4626-887D-5819F207B0A7}.Debug|Any CPU.Build.0 = Debug|Any CPU
		{940985FA-2D52-4626-887D-5819F207B0A7}.Release|Any CPU.ActiveCfg = Release|Any CPU
		{940985FA-2D52-4626-887D-5819F207B0A7}.Release|Any CPU.Build.0 = Release|Any CPU
		{BF96289B-9666-47A5-84BC-DD918F12A03A}.Debug|Any CPU.ActiveCfg = Debug|Any CPU
		{BF96289B-9666-47A5-84BC-DD918F12A03A}.Debug|Any CPU.Build.0 = Debug|Any CPU
		{BF96289B-9666-47A5-84BC-DD918F12A03A}.Release|Any CPU.ActiveCfg = Release|Any CPU
		{BF96289B-9666-47A5-84BC-DD918F12A03A}.Release|Any CPU.Build.0 = Release|Any CPU
	EndGlobalSection
	GlobalSection(SolutionProperties) = preSolution
		HideSolutionNode = FALSE
	EndGlobalSection
EndGlobal
